
Microsoft Visual Studio Solution File, Format Version 12.00
# Visual Studio 15
VisualStudioVersion = 15.0.28307.489
MinimumVisualStudioVersion = 10.0.40219.1
Project("{FAE04EC0-301F-11D3-BF4B-00C04F79EFBC}") = "xadrez-console", "xadrez-console\xadrez-console.csproj", "{22C14A47-F09C-43F3-9818-6474F18CBDEC}"
EndProject
Global
	GlobalSection(SolutionConfigurationPlatforms) = preSolution
		Debug|Any CPU = Debug|Any CPU
		Release|Any CPU = Release|Any CPU
	EndGlobalSection
	GlobalSection(ProjectConfigurationPlatforms) = postSolution
		{22C14A47-F09C-43F3-9818-6474F18CBDEC}.Debug|Any CPU.ActiveCfg = Debug|Any CPU
		{22C14A47-F09C-43F3-9818-6474F18CBDEC}.Debug|Any CPU.Build.0 = Debug|Any CPU
		{22C14A47-F09C-43F3-9818-6474F18CBDEC}.Release|Any CPU.ActiveCfg = Release|Any CPU
		{22C14A47-F09C-43F3-9818-6474F18CBDEC}.Release|Any CPU.Build.0 = Release|Any CPU
	EndGlobalSection
	GlobalSection(SolutionProperties) = preSolution
		HideSolutionNode = FALSE
	EndGlobalSection
	GlobalSection(ExtensibilityGlobals) = postSolution
		SolutionGuid = {EBFB703B-2C41-4DB8-876C-98B53D0DB3E9}
	EndGlobalSection
EndGlobal
